// !$*UTF8*$!
{
	archiveVersion = 1;
	classes = {
	};
	objectVersion = 50;
	objects = {

/* Begin PBXBuildFile section */
		94C32BB52134C498004E4957 /* AppDelegate.swift in Sources */ = {isa = PBXBuildFile; fileRef = 94C32BB42134C498004E4957 /* AppDelegate.swift */; };
		94C32BBA2134C498004E4957 /* Main.storyboard in Resources */ = {isa = PBXBuildFile; fileRef = 94C32BB82134C498004E4957 /* Main.storyboard */; };
		94C32BBC2134C49B004E4957 /* Assets.xcassets in Resources */ = {isa = PBXBuildFile; fileRef = 94C32BBB2134C49B004E4957 /* Assets.xcassets */; };
		94C32BBF2134C49B004E4957 /* LaunchScreen.storyboard in Resources */ = {isa = PBXBuildFile; fileRef = 94C32BBD2134C49B004E4957 /* LaunchScreen.storyboard */; };
		94C32BC72134C792004E4957 /* Game.swift in Sources */ = {isa = PBXBuildFile; fileRef = 94C32BC62134C792004E4957 /* Game.swift */; };
		94C32BC92134CC2A004E4957 /* GameTableViewCell.swift in Sources */ = {isa = PBXBuildFile; fileRef = 94C32BC82134CC2A004E4957 /* GameTableViewCell.swift */; };
		94C32BCB21361E3A004E4957 /* GamesTableViewController.swift in Sources */ = {isa = PBXBuildFile; fileRef = 94C32BCA21361E3A004E4957 /* GamesTableViewController.swift */; };
/* End PBXBuildFile section */

/* Begin PBXFileReference section */
		94C32BB12134C498004E4957 /* SpartanSchedule.app */ = {isa = PBXFileReference; explicitFileType = wrapper.application; includeInIndex = 0; path = SpartanSchedule.app; sourceTree = BUILT_PRODUCTS_DIR; };
		94C32BB42134C498004E4957 /* AppDelegate.swift */ = {isa = PBXFileReference; lastKnownFileType = sourcecode.swift; path = AppDelegate.swift; sourceTree = "<group>"; };
		94C32BB92134C498004E4957 /* Base */ = {isa = PBXFileReference; lastKnownFileType = file.storyboard; name = Base; path = Base.lproj/Main.storyboard; sourceTree = "<group>"; };
		94C32BBB2134C49B004E4957 /* Assets.xcassets */ = {isa = PBXFileReference; lastKnownFileType = folder.assetcatalog; path = Assets.xcassets; sourceTree = "<group>"; };
		94C32BBE2134C49B004E4957 /* Base */ = {isa = PBXFileReference; lastKnownFileType = file.storyboard; name = Base; path = Base.lproj/LaunchScreen.storyboard; sourceTree = "<group>"; };
		94C32BC02134C49B004E4957 /* Info.plist */ = {isa = PBXFileReference; lastKnownFileType = text.plist.xml; path = Info.plist; sourceTree = "<group>"; };
		94C32BC62134C792004E4957 /* Game.swift */ = {isa = PBXFileReference; lastKnownFileType = sourcecode.swift; path = Game.swift; sourceTree = "<group>"; };
		94C32BC82134CC2A004E4957 /* GameTableViewCell.swift */ = {isa = PBXFileReference; lastKnownFileType = sourcecode.swift; path = GameTableViewCell.swift; sourceTree = "<group>"; };
		94C32BCA21361E3A004E4957 /* GamesTableViewController.swift */ = {isa = PBXFileReference; lastKnownFileType = sourcecode.swift; path = GamesTableViewController.swift; sourceTree = "<group>"; };
/* End PBXFileReference section */

/* Begin PBXFrameworksBuildPhase section */
		94C32BAE2134C498004E4957 /* Frameworks */ = {
			isa = PBXFrameworksBuildPhase;
			buildActionMask = 2147483647;
			files = (
			);
			runOnlyForDeploymentPostprocessing = 0;
		};
/* End PBXFrameworksBuildPhase section */

/* Begin PBXGroup section */
		94C32BA82134C498004E4957 = {
			isa = PBXGroup;
			children = (
				94C32BB32134C498004E4957 /* SpartanSchedule */,
				94C32BB22134C498004E4957 /* Products */,
			);
			sourceTree = "<group>";
		};
		94C32BB22134C498004E4957 /* Products */ = {
			isa = PBXGroup;
			children = (
				94C32BB12134C498004E4957 /* SpartanSchedule.app */,
			);
			name = Products;
			sourceTree = "<group>";
		};
		94C32BB32134C498004E4957 /* SpartanSchedule */ = {
			isa = PBXGroup;
			children = (
				94C32BB42134C498004E4957 /* AppDelegate.swift */,
				94C32BB82134C498004E4957 /* Main.storyboard */,
				94C32BC82134CC2A004E4957 /* GameTableViewCell.swift */,
				94C32BBB2134C49B004E4957 /* Assets.xcassets */,
				94C32BBD2134C49B004E4957 /* LaunchScreen.storyboard */,
				94C32BC02134C49B004E4957 /* Info.plist */,
				94C32BC62134C792004E4957 /* Game.swift */,
				94C32BCA21361E3A004E4957 /* GamesTableViewController.swift */,
			);
			path = SpartanSchedule;
			sourceTree = "<group>";
		};
/* End PBXGroup section */

/* Begin PBXNativeTarget section */
		94C32BB02134C498004E4957 /* SpartanSchedule */ = {
			isa = PBXNativeTarget;
			buildConfigurationList = 94C32BC32134C49B004E4957 /* Build configuration list for PBXNativeTarget "SpartanSchedule" */;
			buildPhases = (
				94C32BAD2134C498004E4957 /* Sources */,
				94C32BAE2134C498004E4957 /* Frameworks */,
				94C32BAF2134C498004E4957 /* Resources */,
			);
			buildRules = (
			);
			dependencies = (
			);
			name = SpartanSchedule;
			productName = SpartanSchedule;
			productReference = 94C32BB12134C498004E4957 /* SpartanSchedule.app */;
			productType = "com.apple.product-type.application";
		};
/* End PBXNativeTarget section */

/* Begin PBXProject section */
		94C32BA92134C498004E4957 /* Project object */ = {
			isa = PBXProject;
			attributes = {
				LastSwiftUpdateCheck = 0940;
				LastUpgradeCheck = 0940;
				ORGANIZATIONNAME = "Pine Knob Industries";
				TargetAttributes = {
					94C32BB02134C498004E4957 = {
						CreatedOnToolsVersion = 9.4.1;
					};
				};
			};
			buildConfigurationList = 94C32BAC2134C498004E4957 /* Build configuration list for PBXProject "SpartanSchedule" */;
			compatibilityVersion = "Xcode 9.3";
			developmentRegion = en;
			hasScannedForEncodings = 0;
			knownRegions = (
				en,
				Base,
			);
			mainGroup = 94C32BA82134C498004E4957;
			productRefGroup = 94C32BB22134C498004E4957 /* Products */;
			projectDirPath = "";
			projectRoot = "";
			targets = (
				94C32BB02134C498004E4957 /* SpartanSchedule */,
			);
		};
/* End PBXProject section */

/* Begin PBXResourcesBuildPhase section */
		94C32BAF2134C498004E4957 /* Resources */ = {
			isa = PBXResourcesBuildPhase;
			buildActionMask = 2147483647;
			files = (
				94C32BBF2134C49B004E4957 /* LaunchScreen.storyboard in Resources */,
				94C32BBC2134C49B004E4957 /* Assets.xcassets in Resources */,
				94C32BBA2134C498004E4957 /* Main.storyboard in Resources */,
			);
			runOnlyForDeploymentPostprocessing = 0;
		};
/* End PBXResourcesBuildPhase section */

/* Begin PBXSourcesBuildPhase section */
		94C32BAD2134C498004E4957 /* Sources */ = {
			isa = PBXSourcesBuildPhase;
			buildActionMask = 2147483647;
			files = (
				94C32BC72134C792004E4957 /* Game.swift in Sources */,
				94C32BB52134C498004E4957 /* AppDelegate.swift in Sources */,
				94C32BCB21361E3A004E4957 /* GamesTableViewController.swift in Sources */,
				94C32BC92134CC2A004E4957 /* GameTableViewCell.swift in Sources */,
			);
			runOnlyForDeploymentPostprocessing = 0;
		};
/* End PBXSourcesBuildPhase section */

/* Begin PBXVariantGroup section */
		94C32BB82134C498004E4957 /* Main.storyboard */ = {
			isa = PBXVariantGroup;
			children = (
				94C32BB92134C498004E4957 /* Base */,
			);
			name = Main.storyboard;
			sourceTree = "<group>";
		};
		94C32BBD2134C49B004E4957 /* LaunchScreen.storyboard */ = {
			isa = PBXVariantGroup;
			children = (
				94C32BBE2134C49B004E4957 /* Base */,
			);
			name = LaunchScreen.storyboard;
			sourceTree = "<group>";
		};
/* End PBXVariantGroup section */

/* Begin XCBuildConfiguration section */
		94C32BC12134C49B004E4957 /* Debug */ = {
			isa = XCBuildConfiguration;
			buildSettings = {
				ALWAYS_SEARCH_USER_PATHS = NO;
				CLANG_ANALYZER_NONNULL = YES;
				CLANG_ANALYZER_NUMBER_OBJECT_CONVERSION = YES_AGGRESSIVE;
				CLANG_CXX_LANGUAGE_STANDARD = "gnu++14";
				CLANG_CXX_LIBRARY = "libc++";
				CLANG_ENABLE_MODULES = YES;
				CLANG_ENABLE_OBJC_ARC = YES;
				CLANG_ENABLE_OBJC_WEAK = YES;
				CLANG_WARN_BLOCK_CAPTURE_AUTORELEASING = YES;
				CLANG_WARN_BOOL_CONVERSION = YES;
				CLANG_WARN_COMMA = YES;
				CLANG_WARN_CONSTANT_CONVERSION = YES;
				CLANG_WARN_DEPRECATED_OBJC_IMPLEMENTATIONS = YES;
				CLANG_WARN_DIRECT_OBJC_ISA_USAGE = YES_ERROR;
				CLANG_WARN_DOCUMENTATION_COMMENTS = YES;
				CLANG_WARN_EMPTY_BODY = YES;
				CLANG_WARN_ENUM_CONVERSION = YES;
				CLANG_WARN_INFINITE_RECURSION = YES;
				CLANG_WARN_INT_CONVERSION = YES;
				CLANG_WARN_NON_LITERAL_NULL_CONVERSION = YES;
				CLANG_WARN_OBJC_IMPLICIT_RETAIN_SELF = YES;
				CLANG_WARN_OBJC_LITERAL_CONVERSION = YES;
				CLANG_WARN_OBJC_ROOT_CLASS = YES_ERROR;
				CLANG_WARN_RANGE_LOOP_ANALYSIS = YES;
				CLANG_WARN_STRICT_PROTOTYPES = YES;
				CLANG_WARN_SUSPICIOUS_MOVE = YES;
				CLANG_WARN_UNGUARDED_AVAILABILITY = YES_AGGRESSIVE;
				CLANG_WARN_UNREACHABLE_CODE = YES;
				CLANG_WARN__DUPLICATE_METHOD_MATCH = YES;
				CODE_SIGN_IDENTITY = "iPhone Developer";
				COPY_PHASE_STRIP = NO;
				DEBUG_INFORMATION_FORMAT = dwarf;
				ENABLE_STRICT_OBJC_MSGSEND = YES;
				ENABLE_TESTABILITY = YES;
				GCC_C_LANGUAGE_STANDARD = gnu11;
				GCC_DYNAMIC_NO_PIC = NO;
				GCC_NO_COMMON_BLOCKS = YES;
				GCC_OPTIMIZATION_LEVEL = 0;
				GCC_PREPROCESSOR_DEFINITIONS = (
					"DEBUG=1",
					"$(inherited)",
				);
				GCC_WARN_64_TO_32_BIT_CONVERSION = YES;
				GCC_WARN_ABOUT_RETURN_TYPE = YES_ERROR;
				GCC_WARN_UNDECLARED_SELECTOR = YES;
				GCC_WARN_UNINITIALIZED_AUTOS = YES_AGGRESSIVE;
				GCC_WARN_UNUSED_FUNCTION = YES;
				GCC_WARN_UNUSED_VARIABLE = YES;
				IPHONEOS_DEPLOYMENT_TARGET = 11.4;
				MTL_ENABLE_DEBUG_INFO = YES;
				ONLY_ACTIVE_ARCH = YES;
				SDKROOT = iphoneos;
				SWIFT_ACTIVE_COMPILATION_CONDITIONS = DEBUG;
				SWIFT_OPTIMIZATION_LEVEL = "-Onone";
			};
			name = Debug;
		};
		94C32BC22134C49B004E4957 /* Release */ = {
			isa = XCBuildConfiguration;
			buildSettings = {
				ALWAYS_SEARCH_USER_PATHS = NO;
				CLANG_ANALYZER_NONNULL = YES;
				CLANG_ANALYZER_NUMBER_OBJECT_CONVERSION = YES_AGGRESSIVE;
				CLANG_CXX_LANGUAGE_STANDARD = "gnu++14";
				CLANG_CXX_LIBRARY = "libc++";
				CLANG_ENABLE_MODULES = YES;
				CLANG_ENABLE_OBJC_ARC = YES;
				CLANG_ENABLE_OBJC_WEAK = YES;
				CLANG_WARN_BLOCK_CAPTURE_AUTORELEASING = YES;
				CLANG_WARN_BOOL_CONVERSION = YES;
				CLANG_WARN_COMMA = YES;
				CLANG_WARN_CONSTANT_CONVERSION = YES;
				CLANG_WARN_DEPRECATED_OBJC_IMPLEMENTATIONS = YES;
				CLANG_WARN_DIRECT_OBJC_ISA_USAGE = YES_ERROR;
				CLANG_WARN_DOCUMENTATION_COMMENTS = YES;
				CLANG_WARN_EMPTY_BODY = YES;
				CLANG_WARN_ENUM_CONVERSION = YES;
				CLANG_WARN_INFINITE_RECURSION = YES;
				CLANG_WARN_INT_CONVERSION = YES;
				CLANG_WARN_NON_LITERAL_NULL_CONVERSION = YES;
				CLANG_WARN_OBJC_IMPLICIT_RETAIN_SELF = YES;
				CLANG_WARN_OBJC_LITERAL_CONVERSION = YES;
				CLANG_WARN_OBJC_ROOT_CLASS = YES_ERROR;
				CLANG_WARN_RANGE_LOOP_ANALYSIS = YES;
				CLANG_WARN_STRICT_PROTOTYPES = YES;
				CLANG_WARN_SUSPICIOUS_MOVE = YES;
				CLANG_WARN_UNGUARDED_AVAILABILITY = YES_AGGRESSIVE;
				CLANG_WARN_UNREACHABLE_CODE = YES;
				CLANG_WARN__DUPLICATE_METHOD_MATCH = YES;
				CODE_SIGN_IDENTITY = "iPhone Developer";
				COPY_PHASE_STRIP = NO;
				DEBUG_INFORMATION_FORMAT = "dwarf-with-dsym";
				ENABLE_NS_ASSERTIONS = NO;
				ENABLE_STRICT_OBJC_MSGSEND = YES;
				GCC_C_LANGUAGE_STANDARD = gnu11;
				GCC_NO_COMMON_BLOCKS = YES;
				GCC_WARN_64_TO_32_BIT_CONVERSION = YES;
				GCC_WARN_ABOUT_RETURN_TYPE = YES_ERROR;
				GCC_WARN_UNDECLARED_SELECTOR = YES;
				GCC_WARN_UNINITIALIZED_AUTOS = YES_AGGRESSIVE;
				GCC_WARN_UNUSED_FUNCTION = YES;
				GCC_WARN_UNUSED_VARIABLE = YES;
				IPHONEOS_DEPLOYMENT_TARGET = 11.4;
				MTL_ENABLE_DEBUG_INFO = NO;
				SDKROOT = iphoneos;
				SWIFT_COMPILATION_MODE = wholemodule;
				SWIFT_OPTIMIZATION_LEVEL = "-O";
				VALIDATE_PRODUCT = YES;
			};
			name = Release;
		};
		94C32BC42134C49B004E4957 /* Debug */ = {
			isa = XCBuildConfiguration;
			buildSettings = {
				ASSETCATALOG_COMPILER_APPICON_NAME = AppIcon;
				CODE_SIGN_STYLE = Automatic;
				DEVELOPMENT_TEAM = C9UW73LQY3;
				INFOPLIST_FILE = SpartanSchedule/Info.plist;
				LD_RUNPATH_SEARCH_PATHS = (
					"$(inherited)",
					"@executable_path/Frameworks",
				);
				PRODUCT_BUNDLE_IDENTIFIER = com.pki.SpartanSchedule;
				PRODUCT_NAME = "$(TARGET_NAME)";
				SWIFT_VERSION = 4.0;
				TARGETED_DEVICE_FAMILY = "1,2";
			};
			name = Debug;
		};
		94C32BC52134C49B004E4957 /* Release */ = {
			isa = XCBuildConfiguration;
			buildSettings = {
				ASSETCATALOG_COMPILER_APPICON_NAME = AppIcon;
				CODE_SIGN_STYLE = Automatic;
				DEVELOPMENT_TEAM = C9UW73LQY3;
				INFOPLIST_FILE = SpartanSchedule/Info.plist;
				LD_RUNPATH_SEARCH_PATHS = (
					"$(inherited)",
					"@executable_path/Frameworks",
				);
				PRODUCT_BUNDLE_IDENTIFIER = com.pki.SpartanSchedule;
				PRODUCT_NAME = "$(TARGET_NAME)";
				SWIFT_VERSION = 4.0;
				TARGETED_DEVICE_FAMILY = "1,2";
			};
			name = Release;
		};
/* End XCBuildConfiguration section */

/* Begin XCConfigurationList section */
		94C32BAC2134C498004E4957 /* Build configuration list for PBXProject "SpartanSchedule" */ = {
			isa = XCConfigurationList;
			buildConfigurations = (
				94C32BC12134C49B004E4957 /* Debug */,
				94C32BC22134C49B004E4957 /* Release */,
			);
			defaultConfigurationIsVisible = 0;
			defaultConfigurationName = Release;
		};
		94C32BC32134C49B004E4957 /* Build configuration list for PBXNativeTarget "SpartanSchedule" */ = {
			isa = XCConfigurationList;
			buildConfigurations = (
				94C32BC42134C49B004E4957 /* Debug */,
				94C32BC52134C49B004E4957 /* Release */,
			);
			defaultConfigurationIsVisible = 0;
			defaultConfigurationName = Release;
		};
/* End XCConfigurationList section */
	};
	rootObject = 94C32BA92134C498004E4957 /* Project object */;
}
